// !$*UTF8*$!
{
	archiveVersion = 1;
	classes = {
	};
	objectVersion = 46;
	objects = {

/* Begin PBXBuildFile section */
		BF335293199BFA42009F3257 /* main.cc in Sources */ = {isa = PBXBuildFile; fileRef = BF335292199BFA42009F3257 /* main.cc */; };
		BF3352B4199BFB49009F3257 /* callbacks.cc in Sources */ = {isa = PBXBuildFile; fileRef = BF33529E199BFB49009F3257 /* callbacks.cc */; };
		BF3352B5199BFB49009F3257 /* FreewayWindow.cc in Sources */ = {isa = PBXBuildFile; fileRef = BF33529F199BFB49009F3257 /* FreewayWindow.cc */; };
		BF3352B6199BFB49009F3257 /* main.cc in Sources */ = {isa = PBXBuildFile; fileRef = BF3352A1199BFB49009F3257 /* main.cc */; };
		BF3352B7199BFB49009F3257 /* Makefile in Sources */ = {isa = PBXBuildFile; fileRef = BF3352A2199BFB49009F3257 /* Makefile */; };
		BF3352B8199BFB49009F3257 /* maniac.cc in Sources */ = {isa = PBXBuildFile; fileRef = BF3352A3199BFB49009F3257 /* maniac.cc */; };
		BF3352B9199BFB49009F3257 /* police.cc in Sources */ = {isa = PBXBuildFile; fileRef = BF3352A5199BFB49009F3257 /* police.cc */; };
		BF3352BA199BFB49009F3257 /* sports.cc in Sources */ = {isa = PBXBuildFile; fileRef = BF3352A8199BFB49009F3257 /* sports.cc */; };
		BF3352BB199BFB49009F3257 /* traffic.cc in Sources */ = {isa = PBXBuildFile; fileRef = BF3352AA199BFB49009F3257 /* traffic.cc */; };
		BF3352BC199BFB49009F3257 /* truck.cc in Sources */ = {isa = PBXBuildFile; fileRef = BF3352AE199BFB49009F3257 /* truck.cc */; };
		BF3352BD199BFB49009F3257 /* vehicle_list.cc in Sources */ = {isa = PBXBuildFile; fileRef = BF3352B0199BFB49009F3257 /* vehicle_list.cc */; };
		BF3352BE199BFB49009F3257 /* vehicle.cc in Sources */ = {isa = PBXBuildFile; fileRef = BF3352B2199BFB49009F3257 /* vehicle.cc */; };
/* End PBXBuildFile section */

/* Begin PBXCopyFilesBuildPhase section */
		BF33528D199BFA42009F3257 /* CopyFiles */ = {
			isa = PBXCopyFilesBuildPhase;
			buildActionMask = 2147483647;
			dstPath = /usr/share/man/man1/;
			dstSubfolderSpec = 0;
			files = (
			);
			runOnlyForDeploymentPostprocessing = 1;
		};
/* End PBXCopyFilesBuildPhase section */

/* Begin PBXFileReference section */
		BF33528F199BFA42009F3257 /* Traffic Simulator */ = {isa = PBXFileReference; explicitFileType = "compiled.mach-o.executable"; includeInIndex = 0; path = "Traffic Simulator"; sourceTree = BUILT_PRODUCTS_DIR; };
		BF335292199BFA42009F3257 /* main.cc */ = {isa = PBXFileReference; lastKnownFileType = sourcecode.cpp.cpp; path = main.cc; sourceTree = "<group>"; };
		BF335299199BFB49009F3257 /* about.h */ = {isa = PBXFileReference; fileEncoding = 4; lastKnownFileType = sourcecode.c.h; path = about.h; sourceTree = "<group>"; };
		BF33529A199BFB49009F3257 /* arrow_left.bitmap */ = {isa = PBXFileReference; fileEncoding = 4; lastKnownFileType = text; path = arrow_left.bitmap; sourceTree = "<group>"; };
		BF33529B199BFB49009F3257 /* arrow_over.bitmap */ = {isa = PBXFileReference; fileEncoding = 4; lastKnownFileType = text; path = arrow_over.bitmap; sourceTree = "<group>"; };
		BF33529C199BFB49009F3257 /* arrow_right.bitmap */ = {isa = PBXFileReference; fileEncoding = 4; lastKnownFileType = text; path = arrow_right.bitmap; sourceTree = "<group>"; };
		BF33529D199BFB49009F3257 /* arrow_up.bitmap */ = {isa = PBXFileReference; fileEncoding = 4; lastKnownFileType = text; path = arrow_up.bitmap; sourceTree = "<group>"; };
		BF33529E199BFB49009F3257 /* callbacks.cc */ = {isa = PBXFileReference; fileEncoding = 4; lastKnownFileType = sourcecode.cpp.cpp; path = callbacks.cc; sourceTree = "<group>"; };
		BF33529F199BFB49009F3257 /* FreewayWindow.cc */ = {isa = PBXFileReference; fileEncoding = 4; lastKnownFileType = sourcecode.cpp.cpp; path = FreewayWindow.cc; sourceTree = "<group>"; };
		BF3352A0199BFB49009F3257 /* FreewayWindow.h */ = {isa = PBXFileReference; fileEncoding = 4; lastKnownFileType = sourcecode.c.h; path = FreewayWindow.h; sourceTree = "<group>"; };
		BF3352A1199BFB49009F3257 /* main.cc */ = {isa = PBXFileReference; fileEncoding = 4; lastKnownFileType = sourcecode.cpp.cpp; path = main.cc; sourceTree = "<group>"; };
		BF3352A2199BFB49009F3257 /* Makefile */ = {isa = PBXFileReference; fileEncoding = 4; lastKnownFileType = sourcecode.make; path = Makefile; sourceTree = "<group>"; };
		BF3352A3199BFB49009F3257 /* maniac.cc */ = {isa = PBXFileReference; fileEncoding = 4; lastKnownFileType = sourcecode.cpp.cpp; path = maniac.cc; sourceTree = "<group>"; };
		BF3352A4199BFB49009F3257 /* maniac.h */ = {isa = PBXFileReference; fileEncoding = 4; lastKnownFileType = sourcecode.c.h; path = maniac.h; sourceTree = "<group>"; };
		BF3352A5199BFB49009F3257 /* police.cc */ = {isa = PBXFileReference; fileEncoding = 4; lastKnownFileType = sourcecode.cpp.cpp; path = police.cc; sourceTree = "<group>"; };
		BF3352A6199BFB49009F3257 /* police.h */ = {isa = PBXFileReference; fileEncoding = 4; lastKnownFileType = sourcecode.c.h; path = police.h; sourceTree = "<group>"; };
		BF3352A7199BFB49009F3257 /* README.txt */ = {isa = PBXFileReference; fileEncoding = 4; lastKnownFileType = text; path = README.txt; sourceTree = "<group>"; };
		BF3352A8199BFB49009F3257 /* sports.cc */ = {isa = PBXFileReference; fileEncoding = 4; lastKnownFileType = sourcecode.cpp.cpp; path = sports.cc; sourceTree = "<group>"; };
		BF3352A9199BFB49009F3257 /* sports.h */ = {isa = PBXFileReference; fileEncoding = 4; lastKnownFileType = sourcecode.c.h; path = sports.h; sourceTree = "<group>"; };
		BF3352AA199BFB49009F3257 /* traffic.cc */ = {isa = PBXFileReference; fileEncoding = 4; lastKnownFileType = sourcecode.cpp.cpp; path = traffic.cc; sourceTree = "<group>"; };
		BF3352AB199BFB49009F3257 /* traffic.h */ = {isa = PBXFileReference; fileEncoding = 4; lastKnownFileType = sourcecode.c.h; path = traffic.h; sourceTree = "<group>"; };
		BF3352AC199BFB49009F3257 /* traffic.icon */ = {isa = PBXFileReference; fileEncoding = 4; lastKnownFileType = text; path = traffic.icon; sourceTree = "<group>"; };
		BF3352AD199BFB49009F3257 /* traffic.mask */ = {isa = PBXFileReference; fileEncoding = 4; lastKnownFileType = text; path = traffic.mask; sourceTree = "<group>"; };
		BF3352AE199BFB49009F3257 /* truck.cc */ = {isa = PBXFileReference; fileEncoding = 4; lastKnownFileType = sourcecode.cpp.cpp; path = truck.cc; sourceTree = "<group>"; };
		BF3352AF199BFB49009F3257 /* truck.h */ = {isa = PBXFileReference; fileEncoding = 4; lastKnownFileType = sourcecode.c.h; path = truck.h; sourceTree = "<group>"; };
		BF3352B0199BFB49009F3257 /* vehicle_list.cc */ = {isa = PBXFileReference; fileEncoding = 4; lastKnownFileType = sourcecode.cpp.cpp; path = vehicle_list.cc; sourceTree = "<group>"; };
		BF3352B1199BFB49009F3257 /* vehicle_list.h */ = {isa = PBXFileReference; fileEncoding = 4; lastKnownFileType = sourcecode.c.h; path = vehicle_list.h; sourceTree = "<group>"; };
		BF3352B2199BFB49009F3257 /* vehicle.cc */ = {isa = PBXFileReference; fileEncoding = 4; lastKnownFileType = sourcecode.cpp.cpp; path = vehicle.cc; sourceTree = "<group>"; };
		BF3352B3199BFB49009F3257 /* vehicle.h */ = {isa = PBXFileReference; fileEncoding = 4; lastKnownFileType = sourcecode.c.h; path = vehicle.h; sourceTree = "<group>"; };
/* End PBXFileReference section */

/* Begin PBXFrameworksBuildPhase section */
		BF33528C199BFA42009F3257 /* Frameworks */ = {
			isa = PBXFrameworksBuildPhase;
			buildActionMask = 2147483647;
			files = (
			);
			runOnlyForDeploymentPostprocessing = 0;
		};
/* End PBXFrameworksBuildPhase section */

/* Begin PBXGroup section */
		BF335286199BFA42009F3257 = {
			isa = PBXGroup;
			children = (
				BF335291199BFA42009F3257 /* Traffic Simulator */,
				BF335290199BFA42009F3257 /* Products */,
			);
			sourceTree = "<group>";
		};
		BF335290199BFA42009F3257 /* Products */ = {
			isa = PBXGroup;
			children = (
				BF33528F199BFA42009F3257 /* Traffic Simulator */,
			);
			name = Products;
			sourceTree = "<group>";
		};
		BF335291199BFA42009F3257 /* Traffic Simulator */ = {
			isa = PBXGroup;
			children = (
				BF335299199BFB49009F3257 /* about.h */,
				BF33529A199BFB49009F3257 /* arrow_left.bitmap */,
				BF33529B199BFB49009F3257 /* arrow_over.bitmap */,
				BF33529C199BFB49009F3257 /* arrow_right.bitmap */,
				BF33529D199BFB49009F3257 /* arrow_up.bitmap */,
				BF33529E199BFB49009F3257 /* callbacks.cc */,
				BF33529F199BFB49009F3257 /* FreewayWindow.cc */,
				BF3352A0199BFB49009F3257 /* FreewayWindow.h */,
				BF3352A1199BFB49009F3257 /* main.cc */,
				BF3352A2199BFB49009F3257 /* Makefile */,
				BF3352A3199BFB49009F3257 /* maniac.cc */,
				BF3352A4199BFB49009F3257 /* maniac.h */,
				BF3352A5199BFB49009F3257 /* police.cc */,
				BF3352A6199BFB49009F3257 /* police.h */,
				BF3352A7199BFB49009F3257 /* README.txt */,
				BF3352A8199BFB49009F3257 /* sports.cc */,
				BF3352A9199BFB49009F3257 /* sports.h */,
				BF3352AA199BFB49009F3257 /* traffic.cc */,
				BF3352AB199BFB49009F3257 /* traffic.h */,
				BF3352AC199BFB49009F3257 /* traffic.icon */,
				BF3352AD199BFB49009F3257 /* traffic.mask */,
				BF3352AE199BFB49009F3257 /* truck.cc */,
				BF3352AF199BFB49009F3257 /* truck.h */,
				BF3352B0199BFB49009F3257 /* vehicle_list.cc */,
				BF3352B1199BFB49009F3257 /* vehicle_list.h */,
				BF3352B2199BFB49009F3257 /* vehicle.cc */,
				BF3352B3199BFB49009F3257 /* vehicle.h */,
				BF335292199BFA42009F3257 /* main.cc */,
			);
			path = "Traffic Simulator";
			sourceTree = "<group>";
		};
/* End PBXGroup section */

/* Begin PBXNativeTarget section */
		BF33528E199BFA42009F3257 /* Traffic Simulator */ = {
			isa = PBXNativeTarget;
			buildConfigurationList = BF335296199BFA42009F3257 /* Build configuration list for PBXNativeTarget "Traffic Simulator" */;
			buildPhases = (
				BF33528B199BFA42009F3257 /* Sources */,
				BF33528C199BFA42009F3257 /* Frameworks */,
				BF33528D199BFA42009F3257 /* CopyFiles */,
			);
			buildRules = (
			);
			dependencies = (
			);
			name = "Traffic Simulator";
			productName = "Traffic Simulator";
			productReference = BF33528F199BFA42009F3257 /* Traffic Simulator */;
			productType = "com.apple.product-type.tool";
		};
/* End PBXNativeTarget section */

/* Begin PBXProject section */
		BF335287199BFA42009F3257 /* Project object */ = {
			isa = PBXProject;
			attributes = {
				LastUpgradeCheck = 0600;
				ORGANIZATIONNAME = "Diogo Martinho";
				TargetAttributes = {
					BF33528E199BFA42009F3257 = {
						CreatedOnToolsVersion = 6.0;
					};
				};
			};
			buildConfigurationList = BF33528A199BFA42009F3257 /* Build configuration list for PBXProject "Traffic Simulator" */;
			compatibilityVersion = "Xcode 3.2";
			developmentRegion = English;
			hasScannedForEncodings = 0;
			knownRegions = (
				en,
			);
			mainGroup = BF335286199BFA42009F3257;
			productRefGroup = BF335290199BFA42009F3257 /* Products */;
			projectDirPath = "";
			projectRoot = "";
			targets = (
				BF33528E199BFA42009F3257 /* Traffic Simulator */,
			);
		};
/* End PBXProject section */

/* Begin PBXSourcesBuildPhase section */
		BF33528B199BFA42009F3257 /* Sources */ = {
			isa = PBXSourcesBuildPhase;
			buildActionMask = 2147483647;
			files = (
				BF3352BA199BFB49009F3257 /* sports.cc in Sources */,
				BF3352B8199BFB49009F3257 /* maniac.cc in Sources */,
				BF3352B7199BFB49009F3257 /* Makefile in Sources */,
				BF3352B6199BFB49009F3257 /* main.cc in Sources */,
				BF3352BD199BFB49009F3257 /* vehicle_list.cc in Sources */,
				BF3352B9199BFB49009F3257 /* police.cc in Sources */,
				BF3352BB199BFB49009F3257 /* traffic.cc in Sources */,
				BF3352B4199BFB49009F3257 /* callbacks.cc in Sources */,
				BF3352BC199BFB49009F3257 /* truck.cc in Sources */,
				BF3352B5199BFB49009F3257 /* FreewayWindow.cc in Sources */,
				BF3352BE199BFB49009F3257 /* vehicle.cc in Sources */,
				BF335293199BFA42009F3257 /* main.cc in Sources */,
			);
			runOnlyForDeploymentPostprocessing = 0;
		};
/* End PBXSourcesBuildPhase section */

/* Begin XCBuildConfiguration section */
		BF335294199BFA42009F3257 /* Debug */ = {
			isa = XCBuildConfiguration;
			buildSettings = {
				ALWAYS_SEARCH_USER_PATHS = NO;
				CLANG_CXX_LANGUAGE_STANDARD = "gnu++0x";
				CLANG_CXX_LIBRARY = "libc++";
				CLANG_ENABLE_MODULES = YES;
				CLANG_ENABLE_OBJC_ARC = YES;
				CLANG_WARN_BOOL_CONVERSION = YES;
				CLANG_WARN_CONSTANT_CONVERSION = YES;
				CLANG_WARN_DIRECT_OBJC_ISA_USAGE = YES_ERROR;
				CLANG_WARN_EMPTY_BODY = YES;
				CLANG_WARN_ENUM_CONVERSION = YES;
				CLANG_WARN_INT_CONVERSION = YES;
				CLANG_WARN_OBJC_ROOT_CLASS = YES_ERROR;
				CLANG_WARN_UNREACHABLE_CODE = YES;
				CLANG_WARN__DUPLICATE_METHOD_MATCH = YES;
				COPY_PHASE_STRIP = NO;
				ENABLE_STRICT_OBJC_MSGSEND = YES;
				GCC_C_LANGUAGE_STANDARD = gnu99;
				GCC_DYNAMIC_NO_PIC = NO;
				GCC_OPTIMIZATION_LEVEL = 0;
				GCC_PREPROCESSOR_DEFINITIONS = (
					"DEBUG=1",
					"$(inherited)",
				);
				GCC_SYMBOLS_PRIVATE_EXTERN = NO;
				GCC_WARN_64_TO_32_BIT_CONVERSION = YES;
				GCC_WARN_ABOUT_RETURN_TYPE = YES_ERROR;
				GCC_WARN_UNDECLARED_SELECTOR = YES;
				GCC_WARN_UNINITIALIZED_AUTOS = YES_AGGRESSIVE;
				GCC_WARN_UNUSED_FUNCTION = YES;
				GCC_WARN_UNUSED_VARIABLE = YES;
				MACOSX_DEPLOYMENT_TARGET = 10.10;
				MTL_ENABLE_DEBUG_INFO = YES;
				ONLY_ACTIVE_ARCH = YES;
				SDKROOT = macosx;
			};
			name = Debug;
		};
		BF335295199BFA42009F3257 /* Release */ = {
			isa = XCBuildConfiguration;
			buildSettings = {
				ALWAYS_SEARCH_USER_PATHS = NO;
				CLANG_CXX_LANGUAGE_STANDARD = "gnu++0x";
				CLANG_CXX_LIBRARY = "libc++";
				CLANG_ENABLE_MODULES = YES;
				CLANG_ENABLE_OBJC_ARC = YES;
				CLANG_WARN_BOOL_CONVERSION = YES;
				CLANG_WARN_CONSTANT_CONVERSION = YES;
				CLANG_WARN_DIRECT_OBJC_ISA_USAGE = YES_ERROR;
				CLANG_WARN_EMPTY_BODY = YES;
				CLANG_WARN_ENUM_CONVERSION = YES;
				CLANG_WARN_INT_CONVERSION = YES;
				CLANG_WARN_OBJC_ROOT_CLASS = YES_ERROR;
				CLANG_WARN_UNREACHABLE_CODE = YES;
				CLANG_WARN__DUPLICATE_METHOD_MATCH = YES;
				COPY_PHASE_STRIP = YES;
				DEBUG_INFORMATION_FORMAT = "dwarf-with-dsym";
				ENABLE_NS_ASSERTIONS = NO;
				ENABLE_STRICT_OBJC_MSGSEND = YES;
				GCC_C_LANGUAGE_STANDARD = gnu99;
				GCC_WARN_64_TO_32_BIT_CONVERSION = YES;
				GCC_WARN_ABOUT_RETURN_TYPE = YES_ERROR;
				GCC_WARN_UNDECLARED_SELECTOR = YES;
				GCC_WARN_UNINITIALIZED_AUTOS = YES_AGGRESSIVE;
				GCC_WARN_UNUSED_FUNCTION = YES;
				GCC_WARN_UNUSED_VARIABLE = YES;
				MACOSX_DEPLOYMENT_TARGET = 10.10;
				MTL_ENABLE_DEBUG_INFO = NO;
				SDKROOT = macosx;
			};
			name = Release;
		};
		BF335297199BFA42009F3257 /* Debug */ = {
			isa = XCBuildConfiguration;
			buildSettings = {
				INSTALL_PATH = /usr/local/bin;
				PRODUCT_NAME = "$(TARGET_NAME)";
			};
			name = Debug;
		};
		BF335298199BFA42009F3257 /* Release */ = {
			isa = XCBuildConfiguration;
			buildSettings = {
				INSTALL_PATH = /usr/local/bin;
				PRODUCT_NAME = "$(TARGET_NAME)";
			};
			name = Release;
		};
/* End XCBuildConfiguration section */

/* Begin XCConfigurationList section */
		BF33528A199BFA42009F3257 /* Build configuration list for PBXProject "Traffic Simulator" */ = {
			isa = XCConfigurationList;
			buildConfigurations = (
				BF335294199BFA42009F3257 /* Debug */,
				BF335295199BFA42009F3257 /* Release */,
			);
			defaultConfigurationIsVisible = 0;
			defaultConfigurationName = Release;
		};
		BF335296199BFA42009F3257 /* Build configuration list for PBXNativeTarget "Traffic Simulator" */ = {
			isa = XCConfigurationList;
			buildConfigurations = (
				BF335297199BFA42009F3257 /* Debug */,
				BF335298199BFA42009F3257 /* Release */,
			);
			defaultConfigurationIsVisible = 0;
		};
/* End XCConfigurationList section */
	};
	rootObject = BF335287199BFA42009F3257 /* Project object */;
}
